{
  "name": "bitcoin-explorer",
  "version": "1.0.0",
  "lockfileVersion": 2,
  "requires": true,
  "packages": {
    "": {
      "name": "bitcoin-explorer",
      "version": "1.0.0",
      "license": "UNLICENSED",
      "dependencies": {
        "ink-ripple": "^1.0.0",
        "lit-html": "^1.3.0"
      }
    },
    "node_modules/ink-ripple": {
      "version": "1.0.0",
      "resolved": "https://registry.npmjs.org/ink-ripple/-/ink-ripple-1.0.0.tgz",
      "integrity": "sha512-Wt8Dtr6+A8PZCR07oEqCcYGsXg5vaZXmGa45HVhdnwR19rdSuPzACa6E1COY3N7ODqYA/6lHWB5R7muLb1bvXA=="
    },
    "node_modules/lit-html": {
      "version": "1.3.0",
      "resolved": "https://registry.npmjs.org/lit-html/-/lit-html-1.3.0.tgz",
      "integrity": "sha512-0Q1bwmaFH9O14vycPHw8C/IeHMk/uSDldVLIefu/kfbTBGIc44KGH6A8p1bDfxUfHdc8q6Ct7kQklWoHgr4t1Q=="
    }
  },
  "dependencies": {
    "ink-ripple": {
      "version": "1.0.0",
      "resolved": "https://registry.npmjs.org/ink-ripple/-/ink-ripple-1.0.0.tgz",
      "integrity": "sha512-Wt8Dtr6+A8PZCR07oEqCcYGsXg5vaZXmGa45HVhdnwR19rdSuPzACa6E1COY3N7ODqYA/6lHWB5R7muLb1bvXA=="
    },
    "lit-html": {
      "version": "1.3.0",
      "resolved": "https://registry.npmjs.org/lit-html/-/lit-html-1.3.0.tgz",
      "integrity": "sha512-0Q1bwmaFH9O14vycPHw8C/IeHMk/uSDldVLIefu/kfbTBGIc44KGH6A8p1bDfxUfHdc8q6Ct7kQklWoHgr4t1Q=="
    }
  }
}
